
Microsoft Visual Studio Solution File, Format Version 12.00
# Visual Studio Version 17
VisualStudioVersion = 17.0.31912.275
MinimumVisualStudioVersion = 10.0.40219.1
Project("{FAE04EC0-301F-11D3-BF4B-00C04F79EFBC}") = "Bgg.Sdk.Core", "src\Bgg.Sdk.Core\Bgg.Sdk.Core.csproj", "{986D57DB-5132-4BAC-864D-73D9370FD50C}"
EndProject
Global
	GlobalSection(SolutionConfigurationPlatforms) = preSolution
		Debug|Any CPU = Debug|Any CPU
		Release|Any CPU = Release|Any CPU
	EndGlobalSection
	GlobalSection(ProjectConfigurationPlatforms) = postSolution
		{986D57DB-5132-4BAC-864D-73D9370FD50C}.Debug|Any CPU.ActiveCfg = Debug|Any CPU
		{986D57DB-5132-4BAC-864D-73D9370FD50C}.Debug|Any CPU.Build.0 = Debug|Any CPU
		{986D57DB-5132-4BAC-864D-73D9370FD50C}.Release|Any CPU.ActiveCfg = Release|Any CPU
		{986D57DB-5132-4BAC-864D-73D9370FD50C}.Release|Any CPU.Build.0 = Release|Any CPU
	EndGlobalSection
	GlobalSection(SolutionProperties) = preSolution
		HideSolutionNode = FALSE
	EndGlobalSection
	GlobalSection(ExtensibilityGlobals) = postSolution
		SolutionGuid = {8C6EAA26-94BF-49AA-9C84-087CD13EDCE2}
	EndGlobalSection
EndGlobal
